
Microsoft Visual Studio Solution File, Format Version 12.00
# Visual Studio Version 17
VisualStudioVersion = 17.0.31903.59
MinimumVisualStudioVersion = 10.0.40219.1
Project("{FAE04EC0-301F-11D3-BF4B-00C04F79EFBC}") = "NewTalents", "NewTalents\NewTalents.csproj", "{D84F1E44-981B-48C8-B9F3-687F0231881A}"
EndProject
Project("{FAE04EC0-301F-11D3-BF4B-00C04F79EFBC}") = "TestNewTalent", "TestNewTalent\TestNewTalent.csproj", "{77ECB5C1-2BC0-4145-84C5-3BD32292F2B0}"
EndProject
Global
	GlobalSection(SolutionConfigurationPlatforms) = preSolution
		Debug|Any CPU = Debug|Any CPU
		Release|Any CPU = Release|Any CPU
	EndGlobalSection
	GlobalSection(SolutionProperties) = preSolution
		HideSolutionNode = FALSE
	EndGlobalSection
	GlobalSection(ProjectConfigurationPlatforms) = postSolution
		{D84F1E44-981B-48C8-B9F3-687F0231881A}.Debug|Any CPU.ActiveCfg = Debug|Any CPU
		{D84F1E44-981B-48C8-B9F3-687F0231881A}.Debug|Any CPU.Build.0 = Debug|Any CPU
		{D84F1E44-981B-48C8-B9F3-687F0231881A}.Release|Any CPU.ActiveCfg = Release|Any CPU
		{D84F1E44-981B-48C8-B9F3-687F0231881A}.Release|Any CPU.Build.0 = Release|Any CPU
		{77ECB5C1-2BC0-4145-84C5-3BD32292F2B0}.Debug|Any CPU.ActiveCfg = Debug|Any CPU
		{77ECB5C1-2BC0-4145-84C5-3BD32292F2B0}.Debug|Any CPU.Build.0 = Debug|Any CPU
		{77ECB5C1-2BC0-4145-84C5-3BD32292F2B0}.Release|Any CPU.ActiveCfg = Release|Any CPU
		{77ECB5C1-2BC0-4145-84C5-3BD32292F2B0}.Release|Any CPU.Build.0 = Release|Any CPU
	EndGlobalSection
EndGlobal
